// !$*UTF8*$!
{
	archiveVersion = 1;
	classes = {
	};
	objectVersion = 46;
	objects = {

/* Begin PBXBuildFile section */
		2C55125C18A8D40D00CFB4EA /* STHUDBaseHostView.m in Sources */ = {isa = PBXBuildFile; fileRef = 2C55125B18A8D40D00CFB4EA /* STHUDBaseHostView.m */; };
		2C55125F18A8D59300CFB4EA /* STHUDDemoHostView.m in Sources */ = {isa = PBXBuildFile; fileRef = 2C55125E18A8D59300CFB4EA /* STHUDDemoHostView.m */; };
		2C8379481611C21F00BE166B /* Default-568h@2x.png in Resources */ = {isa = PBXBuildFile; fileRef = 2C8379471611C21F00BE166B /* Default-568h@2x.png */; };
		2C8379761611C7C900BE166B /* Foundation.framework in Frameworks */ = {isa = PBXBuildFile; fileRef = 2CDE1D0D15D3EA0D002AA53C /* Foundation.framework */; };
		2C8379831611C7E200BE166B /* STGeometry.m in Sources */ = {isa = PBXBuildFile; fileRef = 2CDE1D9915D7B86D002AA53C /* STGeometry.m */; };
		2C8379871611C8D700BE166B /* STHUD.h in CopyFiles */ = {isa = PBXBuildFile; fileRef = 2CDE1D9615D7AEAF002AA53C /* STHUD.h */; };
		2C8379881611C8EA00BE166B /* STHUD.m in Sources */ = {isa = PBXBuildFile; fileRef = 2CDE1D9715D7AEAF002AA53C /* STHUD.m */; };
		2C8379891611C9D700BE166B /* libSTHUD.a in Frameworks */ = {isa = PBXBuildFile; fileRef = 2C8379751611C7C900BE166B /* libSTHUD.a */; };
		2C83798C1611D1BE00BE166B /* STHUDDefaultHUDView.m in Sources */ = {isa = PBXBuildFile; fileRef = 2C83798B1611D1BE00BE166B /* STHUDDefaultHUDView.m */; };
		2C83798F1611E9F300BE166B /* STHUDDefaultHUDViewImageData.m in Sources */ = {isa = PBXBuildFile; fileRef = 2C83798E1611E9F300BE166B /* STHUDDefaultHUDViewImageData.m */; };
		2CBEEF2019C85E73005096DE /* STHUDDefaultHostView.m in Sources */ = {isa = PBXBuildFile; fileRef = 2CBEEF1F19C85E73005096DE /* STHUDDefaultHostView.m */; };
		2CDE1D0C15D3EA0D002AA53C /* UIKit.framework in Frameworks */ = {isa = PBXBuildFile; fileRef = 2CDE1D0B15D3EA0D002AA53C /* UIKit.framework */; };
		2CDE1D0E15D3EA0D002AA53C /* Foundation.framework in Frameworks */ = {isa = PBXBuildFile; fileRef = 2CDE1D0D15D3EA0D002AA53C /* Foundation.framework */; };
		2CDE1D1015D3EA0D002AA53C /* CoreGraphics.framework in Frameworks */ = {isa = PBXBuildFile; fileRef = 2CDE1D0F15D3EA0D002AA53C /* CoreGraphics.framework */; };
		2CDE1D1815D3EA0D002AA53C /* main.m in Sources */ = {isa = PBXBuildFile; fileRef = 2CDE1D1715D3EA0D002AA53C /* main.m */; };
		2CDE1D1C15D3EA0D002AA53C /* STHUDDemoApplicationDelegate.m in Sources */ = {isa = PBXBuildFile; fileRef = 2CDE1D1B15D3EA0D002AA53C /* STHUDDemoApplicationDelegate.m */; };
		2CDE1D2515D3EA0D002AA53C /* STHUDDemoViewController.m in Sources */ = {isa = PBXBuildFile; fileRef = 2CDE1D2415D3EA0D002AA53C /* STHUDDemoViewController.m */; };
/* End PBXBuildFile section */

/* Begin PBXContainerItemProxy section */
		2C8379811611C7D400BE166B /* PBXContainerItemProxy */ = {
			isa = PBXContainerItemProxy;
			containerPortal = 2CDE1CFE15D3EA0D002AA53C /* Project object */;
			proxyType = 1;
			remoteGlobalIDString = 2C8379741611C7C900BE166B;
			remoteInfo = STHUD;
		};
/* End PBXContainerItemProxy section */

/* Begin PBXCopyFilesBuildPhase section */
		2C8379731611C7C900BE166B /* CopyFiles */ = {
			isa = PBXCopyFilesBuildPhase;
			buildActionMask = 8;
			dstPath = "include/${PRODUCT_NAME}";
			dstSubfolderSpec = 16;
			files = (
				2C8379871611C8D700BE166B /* STHUD.h in CopyFiles */,
			);
			runOnlyForDeploymentPostprocessing = 1;
		};
/* End PBXCopyFilesBuildPhase section */

/* Begin PBXFileReference section */
		2C2FDE961625873600BDF161 /* STHUD.xcconfig */ = {isa = PBXFileReference; lastKnownFileType = text.xcconfig; path = STHUD.xcconfig; sourceTree = "<group>"; };
		2C2FDE971625876200BDF161 /* STHUD-Debug.xcconfig */ = {isa = PBXFileReference; lastKnownFileType = text.xcconfig; path = "STHUD-Debug.xcconfig"; sourceTree = "<group>"; };
		2C2FDE981625877D00BDF161 /* STHUD-Release.xcconfig */ = {isa = PBXFileReference; lastKnownFileType = text.xcconfig; path = "STHUD-Release.xcconfig"; sourceTree = "<group>"; };
		2C55125A18A8D40D00CFB4EA /* STHUDBaseHostView.h */ = {isa = PBXFileReference; fileEncoding = 4; lastKnownFileType = sourcecode.c.h; path = STHUDBaseHostView.h; sourceTree = "<group>"; };
		2C55125B18A8D40D00CFB4EA /* STHUDBaseHostView.m */ = {isa = PBXFileReference; fileEncoding = 4; lastKnownFileType = sourcecode.c.objc; path = STHUDBaseHostView.m; sourceTree = "<group>"; };
		2C55125D18A8D59300CFB4EA /* STHUDDemoHostView.h */ = {isa = PBXFileReference; fileEncoding = 4; lastKnownFileType = sourcecode.c.h; path = STHUDDemoHostView.h; sourceTree = "<group>"; };
		2C55125E18A8D59300CFB4EA /* STHUDDemoHostView.m */ = {isa = PBXFileReference; fileEncoding = 4; lastKnownFileType = sourcecode.c.objc; path = STHUDDemoHostView.m; sourceTree = "<group>"; };
		2C8379471611C21F00BE166B /* Default-568h@2x.png */ = {isa = PBXFileReference; lastKnownFileType = image.png; path = "Default-568h@2x.png"; sourceTree = "<group>"; };
		2C8379751611C7C900BE166B /* libSTHUD.a */ = {isa = PBXFileReference; explicitFileType = archive.ar; includeInIndex = 0; path = libSTHUD.a; sourceTree = BUILT_PRODUCTS_DIR; };
		2C83798A1611D1BE00BE166B /* STHUDDefaultHUDView.h */ = {isa = PBXFileReference; fileEncoding = 4; lastKnownFileType = sourcecode.c.h; path = STHUDDefaultHUDView.h; sourceTree = "<group>"; };
		2C83798B1611D1BE00BE166B /* STHUDDefaultHUDView.m */ = {isa = PBXFileReference; fileEncoding = 4; lastKnownFileType = sourcecode.c.objc; path = STHUDDefaultHUDView.m; sourceTree = "<group>"; };
		2C83798D1611E9F300BE166B /* STHUDDefaultHUDViewImageData.h */ = {isa = PBXFileReference; fileEncoding = 4; lastKnownFileType = sourcecode.c.h; path = STHUDDefaultHUDViewImageData.h; sourceTree = "<group>"; };
		2C83798E1611E9F300BE166B /* STHUDDefaultHUDViewImageData.m */ = {isa = PBXFileReference; fileEncoding = 4; lastKnownFileType = sourcecode.c.objc; path = STHUDDefaultHUDViewImageData.m; sourceTree = "<group>"; };
		2CBEEF1E19C85E73005096DE /* STHUDDefaultHostView.h */ = {isa = PBXFileReference; fileEncoding = 4; lastKnownFileType = sourcecode.c.h; path = STHUDDefaultHostView.h; sourceTree = "<group>"; };
		2CBEEF1F19C85E73005096DE /* STHUDDefaultHostView.m */ = {isa = PBXFileReference; fileEncoding = 4; lastKnownFileType = sourcecode.c.objc; path = STHUDDefaultHostView.m; sourceTree = "<group>"; };
		2CDE1D0715D3EA0D002AA53C /* STHUDDemo.app */ = {isa = PBXFileReference; explicitFileType = wrapper.application; includeInIndex = 0; path = STHUDDemo.app; sourceTree = BUILT_PRODUCTS_DIR; };
		2CDE1D0B15D3EA0D002AA53C /* UIKit.framework */ = {isa = PBXFileReference; lastKnownFileType = wrapper.framework; name = UIKit.framework; path = System/Library/Frameworks/UIKit.framework; sourceTree = SDKROOT; };
		2CDE1D0D15D3EA0D002AA53C /* Foundation.framework */ = {isa = PBXFileReference; lastKnownFileType = wrapper.framework; name = Foundation.framework; path = System/Library/Frameworks/Foundation.framework; sourceTree = SDKROOT; };
		2CDE1D0F15D3EA0D002AA53C /* CoreGraphics.framework */ = {isa = PBXFileReference; lastKnownFileType = wrapper.framework; name = CoreGraphics.framework; path = System/Library/Frameworks/CoreGraphics.framework; sourceTree = SDKROOT; };
		2CDE1D1315D3EA0D002AA53C /* STHUDDemo-Info.plist */ = {isa = PBXFileReference; lastKnownFileType = text.plist.xml; path = "STHUDDemo-Info.plist"; sourceTree = "<group>"; };
		2CDE1D1715D3EA0D002AA53C /* main.m */ = {isa = PBXFileReference; lastKnownFileType = sourcecode.c.objc; path = main.m; sourceTree = "<group>"; };
		2CDE1D1A15D3EA0D002AA53C /* STHUDDemoApplicationDelegate.h */ = {isa = PBXFileReference; lastKnownFileType = sourcecode.c.h; path = STHUDDemoApplicationDelegate.h; sourceTree = "<group>"; };
		2CDE1D1B15D3EA0D002AA53C /* STHUDDemoApplicationDelegate.m */ = {isa = PBXFileReference; lastKnownFileType = sourcecode.c.objc; path = STHUDDemoApplicationDelegate.m; sourceTree = "<group>"; };
		2CDE1D2315D3EA0D002AA53C /* STHUDDemoViewController.h */ = {isa = PBXFileReference; lastKnownFileType = sourcecode.c.h; path = STHUDDemoViewController.h; sourceTree = "<group>"; };
		2CDE1D2415D3EA0D002AA53C /* STHUDDemoViewController.m */ = {isa = PBXFileReference; lastKnownFileType = sourcecode.c.objc; path = STHUDDemoViewController.m; sourceTree = "<group>"; };
		2CDE1D9615D7AEAF002AA53C /* STHUD.h */ = {isa = PBXFileReference; fileEncoding = 4; lastKnownFileType = sourcecode.c.h; path = STHUD.h; sourceTree = "<group>"; };
		2CDE1D9715D7AEAF002AA53C /* STHUD.m */ = {isa = PBXFileReference; fileEncoding = 4; lastKnownFileType = sourcecode.c.objc; path = STHUD.m; sourceTree = "<group>"; };
		2CDE1D9915D7B86D002AA53C /* STGeometry.m */ = {isa = PBXFileReference; fileEncoding = 4; lastKnownFileType = sourcecode.c.objc; path = STGeometry.m; sourceTree = "<group>"; };
		2CDE1D9B15D7B877002AA53C /* STGeometry.h */ = {isa = PBXFileReference; lastKnownFileType = sourcecode.c.h; path = STGeometry.h; sourceTree = "<group>"; };
/* End PBXFileReference section */

/* Begin PBXFrameworksBuildPhase section */
		2C8379721611C7C900BE166B /* Frameworks */ = {
			isa = PBXFrameworksBuildPhase;
			buildActionMask = 2147483647;
			files = (
				2C8379761611C7C900BE166B /* Foundation.framework in Frameworks */,
			);
			runOnlyForDeploymentPostprocessing = 0;
		};
		2CDE1D0415D3EA0D002AA53C /* Frameworks */ = {
			isa = PBXFrameworksBuildPhase;
			buildActionMask = 2147483647;
			files = (
				2CDE1D0C15D3EA0D002AA53C /* UIKit.framework in Frameworks */,
				2CDE1D0E15D3EA0D002AA53C /* Foundation.framework in Frameworks */,
				2CDE1D1015D3EA0D002AA53C /* CoreGraphics.framework in Frameworks */,
				2C8379891611C9D700BE166B /* libSTHUD.a in Frameworks */,
			);
			runOnlyForDeploymentPostprocessing = 0;
		};
/* End PBXFrameworksBuildPhase section */

/* Begin PBXGroup section */
		2C8379701611C5B500BE166B /* Resources */ = {
			isa = PBXGroup;
			children = (
				2C8379471611C21F00BE166B /* Default-568h@2x.png */,
			);
			path = Resources;
			sourceTree = "<group>";
		};
		2CDE1CFC15D3EA0D002AA53C = {
			isa = PBXGroup;
			children = (
				2CDE1D9515D7AE8C002AA53C /* STHUD */,
				2CDE1D1115D3EA0D002AA53C /* STHUDDemo */,
				2CDE1D0A15D3EA0D002AA53C /* Frameworks */,
				2CDE1D0815D3EA0D002AA53C /* Products */,
			);
			sourceTree = "<group>";
			usesTabs = 1;
		};
		2CDE1D0815D3EA0D002AA53C /* Products */ = {
			isa = PBXGroup;
			children = (
				2CDE1D0715D3EA0D002AA53C /* STHUDDemo.app */,
				2C8379751611C7C900BE166B /* libSTHUD.a */,
			);
			name = Products;
			sourceTree = "<group>";
		};
		2CDE1D0A15D3EA0D002AA53C /* Frameworks */ = {
			isa = PBXGroup;
			children = (
				2CDE1D0B15D3EA0D002AA53C /* UIKit.framework */,
				2CDE1D0D15D3EA0D002AA53C /* Foundation.framework */,
				2CDE1D0F15D3EA0D002AA53C /* CoreGraphics.framework */,
			);
			name = Frameworks;
			sourceTree = "<group>";
		};
		2CDE1D1115D3EA0D002AA53C /* STHUDDemo */ = {
			isa = PBXGroup;
			children = (
				2CDE1D1715D3EA0D002AA53C /* main.m */,
				2CDE1D1315D3EA0D002AA53C /* STHUDDemo-Info.plist */,
				2CDE1D1A15D3EA0D002AA53C /* STHUDDemoApplicationDelegate.h */,
				2CDE1D1B15D3EA0D002AA53C /* STHUDDemoApplicationDelegate.m */,
				2CDE1D2315D3EA0D002AA53C /* STHUDDemoViewController.h */,
				2CDE1D2415D3EA0D002AA53C /* STHUDDemoViewController.m */,
				2C55125D18A8D59300CFB4EA /* STHUDDemoHostView.h */,
				2C55125E18A8D59300CFB4EA /* STHUDDemoHostView.m */,
				2C8379701611C5B500BE166B /* Resources */,
			);
			path = STHUDDemo;
			sourceTree = "<group>";
		};
		2CDE1D9515D7AE8C002AA53C /* STHUD */ = {
			isa = PBXGroup;
			children = (
				2CDE1D9615D7AEAF002AA53C /* STHUD.h */,
				2CDE1D9715D7AEAF002AA53C /* STHUD.m */,
				2C55125A18A8D40D00CFB4EA /* STHUDBaseHostView.h */,
				2C55125B18A8D40D00CFB4EA /* STHUDBaseHostView.m */,
				2CBEEF1E19C85E73005096DE /* STHUDDefaultHostView.h */,
				2CBEEF1F19C85E73005096DE /* STHUDDefaultHostView.m */,
				2C83798A1611D1BE00BE166B /* STHUDDefaultHUDView.h */,
				2C83798B1611D1BE00BE166B /* STHUDDefaultHUDView.m */,
				2C83798D1611E9F300BE166B /* STHUDDefaultHUDViewImageData.h */,
				2C83798E1611E9F300BE166B /* STHUDDefaultHUDViewImageData.m */,
				2CDE1D9B15D7B877002AA53C /* STGeometry.h */,
				2CDE1D9915D7B86D002AA53C /* STGeometry.m */,
				2C2FDE961625873600BDF161 /* STHUD.xcconfig */,
				2C2FDE971625876200BDF161 /* STHUD-Debug.xcconfig */,
				2C2FDE981625877D00BDF161 /* STHUD-Release.xcconfig */,
			);
			path = STHUD;
			sourceTree = "<group>";
		};
/* End PBXGroup section */

/* Begin PBXNativeTarget section */
		2C8379741611C7C900BE166B /* STHUD */ = {
			isa = PBXNativeTarget;
			buildConfigurationList = 2C83797E1611C7C900BE166B /* Build configuration list for PBXNativeTarget "STHUD" */;
			buildPhases = (
				2C8379711611C7C900BE166B /* Sources */,
				2C8379721611C7C900BE166B /* Frameworks */,
				2C8379731611C7C900BE166B /* CopyFiles */,
			);
			buildRules = (
			);
			dependencies = (
			);
			name = STHUD;
			productName = STHUD;
			productReference = 2C8379751611C7C900BE166B /* libSTHUD.a */;
			productType = "com.apple.product-type.library.static";
		};
		2CDE1D0615D3EA0D002AA53C /* STHUDDemo */ = {
			isa = PBXNativeTarget;
			buildConfigurationList = 2CDE1D3D15D3EA0D002AA53C /* Build configuration list for PBXNativeTarget "STHUDDemo" */;
			buildPhases = (
				2CDE1D0315D3EA0D002AA53C /* Sources */,
				2CDE1D0415D3EA0D002AA53C /* Frameworks */,
				2CDE1D0515D3EA0D002AA53C /* Resources */,
			);
			buildRules = (
			);
			dependencies = (
				2C8379821611C7D400BE166B /* PBXTargetDependency */,
			);
			name = STHUDDemo;
			productName = STHUD;
			productReference = 2CDE1D0715D3EA0D002AA53C /* STHUDDemo.app */;
			productType = "com.apple.product-type.application";
		};
/* End PBXNativeTarget section */

/* Begin PBXProject section */
		2CDE1CFE15D3EA0D002AA53C /* Project object */ = {
			isa = PBXProject;
			attributes = {
				CLASSPREFIX = ST;
				LastUpgradeCheck = 0510;
				ORGANIZATIONNAME = "Scott Talbot";
			};
			buildConfigurationList = 2CDE1D0115D3EA0D002AA53C /* Build configuration list for PBXProject "STHUD" */;
			compatibilityVersion = "Xcode 3.2";
			developmentRegion = English;
			hasScannedForEncodings = 0;
			knownRegions = (
				en,
			);
			mainGroup = 2CDE1CFC15D3EA0D002AA53C;
			productRefGroup = 2CDE1D0815D3EA0D002AA53C /* Products */;
			projectDirPath = "";
			projectRoot = "";
			targets = (
				2C8379741611C7C900BE166B /* STHUD */,
				2CDE1D0615D3EA0D002AA53C /* STHUDDemo */,
			);
		};
/* End PBXProject section */

/* Begin PBXResourcesBuildPhase section */
		2CDE1D0515D3EA0D002AA53C /* Resources */ = {
			isa = PBXResourcesBuildPhase;
			buildActionMask = 2147483647;
			files = (
				2C8379481611C21F00BE166B /* Default-568h@2x.png in Resources */,
			);
			runOnlyForDeploymentPostprocessing = 0;
		};
/* End PBXResourcesBuildPhase section */

/* Begin PBXSourcesBuildPhase section */
		2C8379711611C7C900BE166B /* Sources */ = {
			isa = PBXSourcesBuildPhase;
			buildActionMask = 2147483647;
			files = (
				2C8379831611C7E200BE166B /* STGeometry.m in Sources */,
				2CBEEF2019C85E73005096DE /* STHUDDefaultHostView.m in Sources */,
				2C8379881611C8EA00BE166B /* STHUD.m in Sources */,
				2C55125C18A8D40D00CFB4EA /* STHUDBaseHostView.m in Sources */,
				2C83798C1611D1BE00BE166B /* STHUDDefaultHUDView.m in Sources */,
				2C83798F1611E9F300BE166B /* STHUDDefaultHUDViewImageData.m in Sources */,
			);
			runOnlyForDeploymentPostprocessing = 0;
		};
		2CDE1D0315D3EA0D002AA53C /* Sources */ = {
			isa = PBXSourcesBuildPhase;
			buildActionMask = 2147483647;
			files = (
				2C55125F18A8D59300CFB4EA /* STHUDDemoHostView.m in Sources */,
				2CDE1D1815D3EA0D002AA53C /* main.m in Sources */,
				2CDE1D1C15D3EA0D002AA53C /* STHUDDemoApplicationDelegate.m in Sources */,
				2CDE1D2515D3EA0D002AA53C /* STHUDDemoViewController.m in Sources */,
			);
			runOnlyForDeploymentPostprocessing = 0;
		};
/* End PBXSourcesBuildPhase section */

/* Begin PBXTargetDependency section */
		2C8379821611C7D400BE166B /* PBXTargetDependency */ = {
			isa = PBXTargetDependency;
			target = 2C8379741611C7C900BE166B /* STHUD */;
			targetProxy = 2C8379811611C7D400BE166B /* PBXContainerItemProxy */;
		};
/* End PBXTargetDependency section */

/* Begin XCBuildConfiguration section */
		2C83797F1611C7C900BE166B /* Debug */ = {
			isa = XCBuildConfiguration;
			baseConfigurationReference = 2C2FDE971625876200BDF161 /* STHUD-Debug.xcconfig */;
			buildSettings = {
			};
			name = Debug;
		};
		2C8379801611C7C900BE166B /* Release */ = {
			isa = XCBuildConfiguration;
			baseConfigurationReference = 2C2FDE981625877D00BDF161 /* STHUD-Release.xcconfig */;
			buildSettings = {
			};
			name = Release;
		};
		2CDE1D3B15D3EA0D002AA53C /* Debug */ = {
			isa = XCBuildConfiguration;
			buildSettings = {
				ALWAYS_SEARCH_USER_PATHS = NO;
				CLANG_CXX_LANGUAGE_STANDARD = "gnu++0x";
				CLANG_CXX_LIBRARY = "libc++";
				CLANG_ENABLE_OBJC_ARC = YES;
				CLANG_WARN_EMPTY_BODY = YES;
				CLANG_WARN_IMPLICIT_SIGN_CONVERSION = YES;
				CLANG_WARN_OBJC_IMPLICIT_ATOMIC_PROPERTIES = YES;
				CLANG_WARN_SUSPICIOUS_IMPLICIT_CONVERSION = YES;
				CLANG_WARN__DUPLICATE_METHOD_MATCH = YES;
				"CODE_SIGN_IDENTITY[sdk=iphoneos*]" = "iPhone Developer";
				COPY_PHASE_STRIP = NO;
				GCC_C_LANGUAGE_STANDARD = c99;
				GCC_DYNAMIC_NO_PIC = NO;
				GCC_OPTIMIZATION_LEVEL = 0;
				GCC_PREPROCESSOR_DEFINITIONS = (
					"DEBUG=1",
					"$(inherited)",
				);
				GCC_SYMBOLS_PRIVATE_EXTERN = NO;
				GCC_WARN_ABOUT_MISSING_FIELD_INITIALIZERS = YES;
				GCC_WARN_ABOUT_MISSING_NEWLINE = YES;
				GCC_WARN_ABOUT_RETURN_TYPE = YES;
				GCC_WARN_INITIALIZER_NOT_FULLY_BRACKETED = YES;
				GCC_WARN_SIGN_COMPARE = YES;
				GCC_WARN_UNINITIALIZED_AUTOS = YES;
				GCC_WARN_UNUSED_VARIABLE = YES;
				IPHONEOS_DEPLOYMENT_TARGET = 5.0;
				SDKROOT = iphoneos;
				TARGETED_DEVICE_FAMILY = "1,2";
			};
			name = Debug;
		};
		2CDE1D3C15D3EA0D002AA53C /* Release */ = {
			isa = XCBuildConfiguration;
			buildSettings = {
				ALWAYS_SEARCH_USER_PATHS = NO;
				CLANG_CXX_LANGUAGE_STANDARD = "gnu++0x";
				CLANG_CXX_LIBRARY = "libc++";
				CLANG_ENABLE_OBJC_ARC = YES;
				CLANG_WARN_EMPTY_BODY = YES;
				CLANG_WARN_IMPLICIT_SIGN_CONVERSION = YES;
				CLANG_WARN_OBJC_IMPLICIT_ATOMIC_PROPERTIES = YES;
				CLANG_WARN_SUSPICIOUS_IMPLICIT_CONVERSION = YES;
				CLANG_WARN__DUPLICATE_METHOD_MATCH = YES;
				"CODE_SIGN_IDENTITY[sdk=iphoneos*]" = "iPhone Developer";
				COPY_PHASE_STRIP = YES;
				GCC_C_LANGUAGE_STANDARD = c99;
				GCC_WARN_ABOUT_MISSING_FIELD_INITIALIZERS = YES;
				GCC_WARN_ABOUT_MISSING_NEWLINE = YES;
				GCC_WARN_ABOUT_RETURN_TYPE = YES;
				GCC_WARN_INITIALIZER_NOT_FULLY_BRACKETED = YES;
				GCC_WARN_SIGN_COMPARE = YES;
				GCC_WARN_UNINITIALIZED_AUTOS = YES;
				GCC_WARN_UNUSED_VARIABLE = YES;
				IPHONEOS_DEPLOYMENT_TARGET = 5.0;
				OTHER_CFLAGS = "-DNS_BLOCK_ASSERTIONS=1";
				SDKROOT = iphoneos;
				TARGETED_DEVICE_FAMILY = "1,2";
				VALIDATE_PRODUCT = YES;
			};
			name = Release;
		};
		2CDE1D3E15D3EA0D002AA53C /* Debug */ = {
			isa = XCBuildConfiguration;
			buildSettings = {
				CLANG_ENABLE_MODULES = YES;
				HEADER_SEARCH_PATHS = (
					"$(SRCROOT)",
					"$(inherited)",
					"/Applications/Xcode6-Beta5.app/Contents/Developer/Toolchains/XcodeDefault.xctoolchain/usr/include",
				);
				INFOPLIST_FILE = "$(SRCROOT)/STHUDDemo/STHUDDemo-Info.plist";
				PRODUCT_NAME = "$(TARGET_NAME)";
				WRAPPER_EXTENSION = app;
			};
			name = Debug;
		};
		2CDE1D3F15D3EA0D002AA53C /* Release */ = {
			isa = XCBuildConfiguration;
			buildSettings = {
				CLANG_ENABLE_MODULES = YES;
				HEADER_SEARCH_PATHS = (
					"$(SRCROOT)",
					"$(inherited)",
					"/Applications/Xcode6-Beta5.app/Contents/Developer/Toolchains/XcodeDefault.xctoolchain/usr/include",
				);
				INFOPLIST_FILE = "$(SRCROOT)/STHUDDemo/STHUDDemo-Info.plist";
				PRODUCT_NAME = "$(TARGET_NAME)";
				WRAPPER_EXTENSION = app;
			};
			name = Release;
		};
/* End XCBuildConfiguration section */

/* Begin XCConfigurationList section */
		2C83797E1611C7C900BE166B /* Build configuration list for PBXNativeTarget "STHUD" */ = {
			isa = XCConfigurationList;
			buildConfigurations = (
				2C83797F1611C7C900BE166B /* Debug */,
				2C8379801611C7C900BE166B /* Release */,
			);
			defaultConfigurationIsVisible = 0;
			defaultConfigurationName = Release;
		};
		2CDE1D0115D3EA0D002AA53C /* Build configuration list for PBXProject "STHUD" */ = {
			isa = XCConfigurationList;
			buildConfigurations = (
				2CDE1D3B15D3EA0D002AA53C /* Debug */,
				2CDE1D3C15D3EA0D002AA53C /* Release */,
			);
			defaultConfigurationIsVisible = 0;
			defaultConfigurationName = Release;
		};
		2CDE1D3D15D3EA0D002AA53C /* Build configuration list for PBXNativeTarget "STHUDDemo" */ = {
			isa = XCConfigurationList;
			buildConfigurations = (
				2CDE1D3E15D3EA0D002AA53C /* Debug */,
				2CDE1D3F15D3EA0D002AA53C /* Release */,
			);
			defaultConfigurationIsVisible = 0;
			defaultConfigurationName = Release;
		};
/* End XCConfigurationList section */
	};
	rootObject = 2CDE1CFE15D3EA0D002AA53C /* Project object */;
}
